<Solution>
  <Folder Name="/Solution Items/">
    <File Path=".editorconfig" />
    <File Path=".github/copilot-instructions.md" />
    <File Path="Directory.Build.props" />
    <File Path="README.md" />
  </Folder>
  <Project Path="SqlDatabaseVectorSearch/SqlDatabaseVectorSearch.csproj" />
</Solution>
